// !$*UTF8*$!
{
	archiveVersion = 1;
	classes = {
	};
	objectVersion = 46;
	objects = {

/* Begin PBXBuildFile section */
		6EE9B9B01C23170D0072B6ED /* AppDelegate.swift in Sources */ = {isa = PBXBuildFile; fileRef = 6EE9B9AF1C23170D0072B6ED /* AppDelegate.swift */; };
		6EE9B9B21C23170D0072B6ED /* ViewController.swift in Sources */ = {isa = PBXBuildFile; fileRef = 6EE9B9B11C23170D0072B6ED /* ViewController.swift */; };
		6EE9B9B51C23170D0072B6ED /* Digital_Signage.xcdatamodeld in Sources */ = {isa = PBXBuildFile; fileRef = 6EE9B9B31C23170D0072B6ED /* Digital_Signage.xcdatamodeld */; };
		6EE9B9B71C23170D0072B6ED /* Assets.xcassets in Resources */ = {isa = PBXBuildFile; fileRef = 6EE9B9B61C23170D0072B6ED /* Assets.xcassets */; };
		6EE9B9BA1C23170D0072B6ED /* Main.storyboard in Resources */ = {isa = PBXBuildFile; fileRef = 6EE9B9B81C23170D0072B6ED /* Main.storyboard */; };
/* End PBXBuildFile section */

/* Begin PBXFileReference section */
		6EE9B9AC1C23170D0072B6ED /* Digital Signage.app */ = {isa = PBXFileReference; explicitFileType = wrapper.application; includeInIndex = 0; path = "Digital Signage.app"; sourceTree = BUILT_PRODUCTS_DIR; };
		6EE9B9AF1C23170D0072B6ED /* AppDelegate.swift */ = {isa = PBXFileReference; lastKnownFileType = sourcecode.swift; path = AppDelegate.swift; sourceTree = "<group>"; };
		6EE9B9B11C23170D0072B6ED /* ViewController.swift */ = {isa = PBXFileReference; lastKnownFileType = sourcecode.swift; path = ViewController.swift; sourceTree = "<group>"; };
		6EE9B9B41C23170D0072B6ED /* Digital_Signage.xcdatamodel */ = {isa = PBXFileReference; lastKnownFileType = wrapper.xcdatamodel; path = Digital_Signage.xcdatamodel; sourceTree = "<group>"; };
		6EE9B9B61C23170D0072B6ED /* Assets.xcassets */ = {isa = PBXFileReference; lastKnownFileType = folder.assetcatalog; path = Assets.xcassets; sourceTree = "<group>"; };
		6EE9B9B91C23170D0072B6ED /* Base */ = {isa = PBXFileReference; lastKnownFileType = file.storyboard; name = Base; path = Base.lproj/Main.storyboard; sourceTree = "<group>"; };
		6EE9B9BB1C23170D0072B6ED /* Info.plist */ = {isa = PBXFileReference; lastKnownFileType = text.plist.xml; path = Info.plist; sourceTree = "<group>"; };
/* End PBXFileReference section */

/* Begin PBXFrameworksBuildPhase section */
		6EE9B9A91C23170D0072B6ED /* Frameworks */ = {
			isa = PBXFrameworksBuildPhase;
			buildActionMask = 2147483647;
			files = (
			);
			runOnlyForDeploymentPostprocessing = 0;
		};
/* End PBXFrameworksBuildPhase section */

/* Begin PBXGroup section */
		6EE9B9A31C23170D0072B6ED = {
			isa = PBXGroup;
			children = (
				6EE9B9AE1C23170D0072B6ED /* Digital Signage */,
				6EE9B9AD1C23170D0072B6ED /* Products */,
			);
			sourceTree = "<group>";
		};
		6EE9B9AD1C23170D0072B6ED /* Products */ = {
			isa = PBXGroup;
			children = (
				6EE9B9AC1C23170D0072B6ED /* Digital Signage.app */,
			);
			name = Products;
			sourceTree = "<group>";
		};
		6EE9B9AE1C23170D0072B6ED /* Digital Signage */ = {
			isa = PBXGroup;
			children = (
				6EE9B9AF1C23170D0072B6ED /* AppDelegate.swift */,
				6EE9B9B11C23170D0072B6ED /* ViewController.swift */,
				6EE9B9B61C23170D0072B6ED /* Assets.xcassets */,
				6EE9B9B81C23170D0072B6ED /* Main.storyboard */,
				6EE9B9BB1C23170D0072B6ED /* Info.plist */,
				6EE9B9B31C23170D0072B6ED /* Digital_Signage.xcdatamodeld */,
			);
			path = "Digital Signage";
			sourceTree = "<group>";
		};
/* End PBXGroup section */

/* Begin PBXNativeTarget section */
		6EE9B9AB1C23170D0072B6ED /* Digital Signage */ = {
			isa = PBXNativeTarget;
			buildConfigurationList = 6EE9B9BE1C23170D0072B6ED /* Build configuration list for PBXNativeTarget "Digital Signage" */;
			buildPhases = (
				6EE9B9A81C23170D0072B6ED /* Sources */,
				6EE9B9A91C23170D0072B6ED /* Frameworks */,
				6EE9B9AA1C23170D0072B6ED /* Resources */,
			);
			buildRules = (
			);
			dependencies = (
			);
			name = "Digital Signage";
			productName = "Digital Signage";
			productReference = 6EE9B9AC1C23170D0072B6ED /* Digital Signage.app */;
			productType = "com.apple.product-type.application";
		};
/* End PBXNativeTarget section */

/* Begin PBXProject section */
		6EE9B9A41C23170D0072B6ED /* Project object */ = {
			isa = PBXProject;
			attributes = {
				LastSwiftUpdateCheck = 0720;
				LastUpgradeCheck = 0720;
				ORGANIZATIONNAME = "Micah Bucy";
				TargetAttributes = {
					6EE9B9AB1C23170D0072B6ED = {
						CreatedOnToolsVersion = 7.2;
					};
				};
			};
			buildConfigurationList = 6EE9B9A71C23170D0072B6ED /* Build configuration list for PBXProject "Digital Signage" */;
			compatibilityVersion = "Xcode 3.2";
			developmentRegion = English;
			hasScannedForEncodings = 0;
			knownRegions = (
				en,
				Base,
			);
			mainGroup = 6EE9B9A31C23170D0072B6ED;
			productRefGroup = 6EE9B9AD1C23170D0072B6ED /* Products */;
			projectDirPath = "";
			projectRoot = "";
			targets = (
				6EE9B9AB1C23170D0072B6ED /* Digital Signage */,
			);
		};
/* End PBXProject section */

/* Begin PBXResourcesBuildPhase section */
		6EE9B9AA1C23170D0072B6ED /* Resources */ = {
			isa = PBXResourcesBuildPhase;
			buildActionMask = 2147483647;
			files = (
				6EE9B9B71C23170D0072B6ED /* Assets.xcassets in Resources */,
				6EE9B9BA1C23170D0072B6ED /* Main.storyboard in Resources */,
			);
			runOnlyForDeploymentPostprocessing = 0;
		};
/* End PBXResourcesBuildPhase section */

/* Begin PBXSourcesBuildPhase section */
		6EE9B9A81C23170D0072B6ED /* Sources */ = {
			isa = PBXSourcesBuildPhase;
			buildActionMask = 2147483647;
			files = (
				6EE9B9B51C23170D0072B6ED /* Digital_Signage.xcdatamodeld in Sources */,
				6EE9B9B21C23170D0072B6ED /* ViewController.swift in Sources */,
				6EE9B9B01C23170D0072B6ED /* AppDelegate.swift in Sources */,
			);
			runOnlyForDeploymentPostprocessing = 0;
		};
/* End PBXSourcesBuildPhase section */

/* Begin PBXVariantGroup section */
		6EE9B9B81C23170D0072B6ED /* Main.storyboard */ = {
			isa = PBXVariantGroup;
			children = (
				6EE9B9B91C23170D0072B6ED /* Base */,
			);
			name = Main.storyboard;
			sourceTree = "<group>";
		};
/* End PBXVariantGroup section */

/* Begin XCBuildConfiguration section */
		6EE9B9BC1C23170D0072B6ED /* Debug */ = {
			isa = XCBuildConfiguration;
			buildSettings = {
				ALWAYS_SEARCH_USER_PATHS = NO;
				CLANG_CXX_LANGUAGE_STANDARD = "gnu++0x";
				CLANG_CXX_LIBRARY = "libc++";
				CLANG_ENABLE_MODULES = YES;
				CLANG_ENABLE_OBJC_ARC = YES;
				CLANG_WARN_BOOL_CONVERSION = YES;
				CLANG_WARN_CONSTANT_CONVERSION = YES;
				CLANG_WARN_DIRECT_OBJC_ISA_USAGE = YES_ERROR;
				CLANG_WARN_EMPTY_BODY = YES;
				CLANG_WARN_ENUM_CONVERSION = YES;
				CLANG_WARN_INT_CONVERSION = YES;
				CLANG_WARN_OBJC_ROOT_CLASS = YES_ERROR;
				CLANG_WARN_UNREACHABLE_CODE = YES;
				CLANG_WARN__DUPLICATE_METHOD_MATCH = YES;
				CODE_SIGN_IDENTITY = "-";
				COPY_PHASE_STRIP = NO;
				DEBUG_INFORMATION_FORMAT = dwarf;
				ENABLE_STRICT_OBJC_MSGSEND = YES;
				ENABLE_TESTABILITY = YES;
				GCC_C_LANGUAGE_STANDARD = gnu99;
				GCC_DYNAMIC_NO_PIC = NO;
				GCC_NO_COMMON_BLOCKS = YES;
				GCC_OPTIMIZATION_LEVEL = 0;
				GCC_PREPROCESSOR_DEFINITIONS = (
					"DEBUG=1",
					"$(inherited)",
				);
				GCC_WARN_64_TO_32_BIT_CONVERSION = YES;
				GCC_WARN_ABOUT_RETURN_TYPE = YES_ERROR;
				GCC_WARN_UNDECLARED_SELECTOR = YES;
				GCC_WARN_UNINITIALIZED_AUTOS = YES_AGGRESSIVE;
				GCC_WARN_UNUSED_FUNCTION = YES;
				GCC_WARN_UNUSED_VARIABLE = YES;
				MACOSX_DEPLOYMENT_TARGET = 10.11;
				MTL_ENABLE_DEBUG_INFO = YES;
				ONLY_ACTIVE_ARCH = YES;
				SDKROOT = macosx;
				SWIFT_OPTIMIZATION_LEVEL = "-Onone";
			};
			name = Debug;
		};
		6EE9B9BD1C23170D0072B6ED /* Release */ = {
			isa = XCBuildConfiguration;
			buildSettings = {
				ALWAYS_SEARCH_USER_PATHS = NO;
				CLANG_CXX_LANGUAGE_STANDARD = "gnu++0x";
				CLANG_CXX_LIBRARY = "libc++";
				CLANG_ENABLE_MODULES = YES;
				CLANG_ENABLE_OBJC_ARC = YES;
				CLANG_WARN_BOOL_CONVERSION = YES;
				CLANG_WARN_CONSTANT_CONVERSION = YES;
				CLANG_WARN_DIRECT_OBJC_ISA_USAGE = YES_ERROR;
				CLANG_WARN_EMPTY_BODY = YES;
				CLANG_WARN_ENUM_CONVERSION = YES;
				CLANG_WARN_INT_CONVERSION = YES;
				CLANG_WARN_OBJC_ROOT_CLASS = YES_ERROR;
				CLANG_WARN_UNREACHABLE_CODE = YES;
				CLANG_WARN__DUPLICATE_METHOD_MATCH = YES;
				CODE_SIGN_IDENTITY = "-";
				COPY_PHASE_STRIP = NO;
				DEBUG_INFORMATION_FORMAT = "dwarf-with-dsym";
				ENABLE_NS_ASSERTIONS = NO;
				ENABLE_STRICT_OBJC_MSGSEND = YES;
				GCC_C_LANGUAGE_STANDARD = gnu99;
				GCC_NO_COMMON_BLOCKS = YES;
				GCC_WARN_64_TO_32_BIT_CONVERSION = YES;
				GCC_WARN_ABOUT_RETURN_TYPE = YES_ERROR;
				GCC_WARN_UNDECLARED_SELECTOR = YES;
				GCC_WARN_UNINITIALIZED_AUTOS = YES_AGGRESSIVE;
				GCC_WARN_UNUSED_FUNCTION = YES;
				GCC_WARN_UNUSED_VARIABLE = YES;
				MACOSX_DEPLOYMENT_TARGET = 10.11;
				MTL_ENABLE_DEBUG_INFO = NO;
				SDKROOT = macosx;
			};
			name = Release;
		};
		6EE9B9BF1C23170D0072B6ED /* Debug */ = {
			isa = XCBuildConfiguration;
			buildSettings = {
				ASSETCATALOG_COMPILER_APPICON_NAME = AppIcon;
				COMBINE_HIDPI_IMAGES = YES;
				INFOPLIST_FILE = "Digital Signage/Info.plist";
				LD_RUNPATH_SEARCH_PATHS = "$(inherited) @executable_path/../Frameworks";
				PRODUCT_BUNDLE_IDENTIFIER = "rocks.theeternalsw0rd.Digital-Signage";
				PRODUCT_NAME = "$(TARGET_NAME)";
			};
			name = Debug;
		};
		6EE9B9C01C23170D0072B6ED /* Release */ = {
			isa = XCBuildConfiguration;
			buildSettings = {
				ASSETCATALOG_COMPILER_APPICON_NAME = AppIcon;
				COMBINE_HIDPI_IMAGES = YES;
				INFOPLIST_FILE = "Digital Signage/Info.plist";
				LD_RUNPATH_SEARCH_PATHS = "$(inherited) @executable_path/../Frameworks";
				PRODUCT_BUNDLE_IDENTIFIER = "rocks.theeternalsw0rd.Digital-Signage";
				PRODUCT_NAME = "$(TARGET_NAME)";
			};
			name = Release;
		};
/* End XCBuildConfiguration section */

/* Begin XCConfigurationList section */
		6EE9B9A71C23170D0072B6ED /* Build configuration list for PBXProject "Digital Signage" */ = {
			isa = XCConfigurationList;
			buildConfigurations = (
				6EE9B9BC1C23170D0072B6ED /* Debug */,
				6EE9B9BD1C23170D0072B6ED /* Release */,
			);
			defaultConfigurationIsVisible = 0;
			defaultConfigurationName = Release;
		};
		6EE9B9BE1C23170D0072B6ED /* Build configuration list for PBXNativeTarget "Digital Signage" */ = {
			isa = XCConfigurationList;
			buildConfigurations = (
				6EE9B9BF1C23170D0072B6ED /* Debug */,
				6EE9B9C01C23170D0072B6ED /* Release */,
			);
			defaultConfigurationIsVisible = 0;
		};
/* End XCConfigurationList section */

/* Begin XCVersionGroup section */
		6EE9B9B31C23170D0072B6ED /* Digital_Signage.xcdatamodeld */ = {
			isa = XCVersionGroup;
			children = (
				6EE9B9B41C23170D0072B6ED /* Digital_Signage.xcdatamodel */,
			);
			currentVersion = 6EE9B9B41C23170D0072B6ED /* Digital_Signage.xcdatamodel */;
			path = Digital_Signage.xcdatamodeld;
			sourceTree = "<group>";
			versionGroupType = wrapper.xcdatamodel;
		};
/* End XCVersionGroup section */
	};
	rootObject = 6EE9B9A41C23170D0072B6ED /* Project object */;
}
